schema: '2.0'
stages:
  process-data:
    cmd: matlab -noFigureWindows -batch "run('scripts/process_data.m');"
    deps:
    - path: data/raw
      hash: md5
      md5: 183bb0fecbf747f25382d7d4b55ee1d7.dir
      size: 3867877395
      nfiles: 1917
    - path: scripts/functions/calc_exp_unc.m
      hash: md5
      md5: ff5e594738a9dec82c529fc7d38ed45c
      size: 429
    - path: scripts/functions/crosstalk_correction.m
      hash: md5
      md5: a964ca93038a23ae08606d2c60f46d13
      size: 4265
    - path: scripts/functions/get_rev_mean.m
      hash: md5
      md5: 8762fe008498678c9a55f940dd0c9e35
      size: 5724
    - path: scripts/functions/get_steady_times.m
      hash: md5
      md5: c3ba4759793a11266b9c305bb9cd8d8d
      size: 5569
    - path: scripts/functions/read_h5.m
      hash: md5
      md5: 7e46f7f47be5259d802d7b7817f34d2d
      size: 488
    - path: scripts/process_data.m
      hash: md5
      md5: e0287b3c5dc50a95487e4638fc595b9f
      size: 259
    outs:
    - path: data/processed
      hash: md5
      md5: d0b6bbbdd9a3dcd765978cda2c754fe7.dir
      size: 550445
      nfiles: 5
  plot-data:
    cmd: matlab -noFigureWindows -batch "run('scripts/plot_figures.m');"
    deps:
    - path: data/processed
      hash: md5
      md5: d0b6bbbdd9a3dcd765978cda2c754fe7.dir
      size: 550445
      nfiles: 5
    - path: data/raw
      hash: md5
      md5: 183bb0fecbf747f25382d7d4b55ee1d7.dir
      size: 3867877395
      nfiles: 1917
    - path: scripts/functions/plot_blockage_curves.m
      hash: md5
      md5: 2a7e1cd45a3c98e40b460ec75e395aef
      size: 3029
    - path: scripts/functions/plot_multi_perf_curves.m
      hash: md5
      md5: 56c5a57aa248ce09509a8b21dc068c81
      size: 18138
    - path: scripts/functions/plot_multi_re_curves.m
      hash: md5
      md5: a5e1deccb30f5dad1e47f2fa210b6e0d
      size: 3386
    - path: scripts/functions/plot_perf_curves.m
      hash: md5
      md5: 9537830979da06ee2b0645ec3a959d44
      size: 5872
    - path: scripts/functions/plot_re_c.m
      hash: md5
      md5: aa3c85d9ed022b2182b0629e90b9ce9e
      size: 1443
    - path: scripts/plot_figures.m
      hash: md5
      md5: cca06a1b7403ee10c035908757598c1d
      size: 2166
    outs:
    - path: figures
      hash: md5
      md5: 44fdaab68cefa4293daa66368ff68391.dir
      size: 2626431
      nfiles: 40
