schema: '2.0'
stages:
  process-data:
    cmd: matlab -batch "run('scripts/collect_data.m');"
    deps:
    - path: scripts/collect_data.m
      hash: md5
      md5: 2da834907ab6124dd599bff06d6a3b66
      size: 123
    outs:
    - path: data/raw/data.parquet
      hash: md5
      md5: 0b2be6aa89192942ea0e1263f9f7e55c
      size: 384
  plot-data:
    cmd: matlab -noFigureWindows -batch "run('scripts/plot_data.m');"
    deps:
    - path: data/raw/data.parquet
      hash: md5
      md5: eca1f0dc8ce6ea0fadfb1af7c2f7f520
      size: 9852
    - path: scripts/plot_data.m
      hash: md5
      md5: c8b93dbaeeafd299f590282687fa58fa
      size: 148
    outs:
    - path: figures/plot.png
      hash: md5
      md5: 25755074acead3111b7d30b63511e023
      size: 20606
